// !$*UTF8*$!
{
	archiveVersion = 1;
	classes = {
	};
	objectVersion = 77;
	objects = {

/* Begin PBXBuildFile section */
		0A3CACE567E105002E4D8555 /* TaskEditor.swift in Sources */ = {isa = PBXBuildFile; fileRef = 11043F6E3ADAFA1B0556ECD7 /* TaskEditor.swift */; };
		0C80EAAC8C0650FF9027AE97 /* Localizable.xcstrings in Resources */ = {isa = PBXBuildFile; fileRef = 3E54642B60C4FA78D7CEE4DA /* Localizable.xcstrings */; };
		158AC2A56421EA6F810EF65C /* CategoriesEditor.swift in Sources */ = {isa = PBXBuildFile; fileRef = 696130E65ABAB3AE13CFEAC3 /* CategoriesEditor.swift */; };
		164F3D95ACE2E4B04E2BF1FC /* ActivityLog.swift in Sources */ = {isa = PBXBuildFile; fileRef = CC63F42E68BF4CF120400961 /* ActivityLog.swift */; };
		2072C7A7343072FCBC12A716 /* QuickActionsSheet.swift in Sources */ = {isa = PBXBuildFile; fileRef = 16355EE083C1440315B70AA2 /* QuickActionsSheet.swift */; };
		247F296E0D62040182133FA2 /* TasksView.swift in Sources */ = {isa = PBXBuildFile; fileRef = EC9110DB76EDC23748047200 /* TasksView.swift */; };
		2A38A864B8FC38CF0CBFFEA0 /* Assets.xcassets in Resources */ = {isa = PBXBuildFile; fileRef = C9A1445059387B20FA3F1C97 /* Assets.xcassets */; };
		2CE6A0B33A9F35DAE12CBCB0 /* CalibrationEngine.swift in Sources */ = {isa = PBXBuildFile; fileRef = 57E5DF92CEB888F67912BDFA /* CalibrationEngine.swift */; };
		36BAEC2B6F13898E5467DE08 /* Aspiration.swift in Sources */ = {isa = PBXBuildFile; fileRef = 8BCD270AEA7272BF4535857B /* Aspiration.swift */; };
		3AF8217AA126411442012216 /* MySimsLifeApp.swift in Sources */ = {isa = PBXBuildFile; fileRef = 9B65542E7FDCDD445172D75D /* MySimsLifeApp.swift */; };
		43B4598D585D422845D53F9B /* TreatmentsView.swift in Sources */ = {isa = PBXBuildFile; fileRef = 0871D1480693A5894BC104A7 /* TreatmentsView.swift */; };
		44E2EDE4BEC362EC22D81DE0 /* ContentView.swift in Sources */ = {isa = PBXBuildFile; fileRef = EF2C15A6F5633EC3A8AFDAD6 /* ContentView.swift */; };
		47EA5490E43745F4D5623412 /* HistoryView.swift in Sources */ = {isa = PBXBuildFile; fileRef = 138DC9B9C1F133F5234DEA6E /* HistoryView.swift */; };
		4967C613B9D264590B808AE1 /* Date+TimeAgo.swift in Sources */ = {isa = PBXBuildFile; fileRef = 4563091E7EDE5B5728153629 /* Date+TimeAgo.swift */; };
		555D0CECC4CB5DC23B95A51E /* ProfileEditor.swift in Sources */ = {isa = PBXBuildFile; fileRef = 0CE24258B922152B264B62ED /* ProfileEditor.swift */; };
		5D17DB49EBE8F3442244032F /* SimsTabBar.swift in Sources */ = {isa = PBXBuildFile; fileRef = F0358219C4262B59DDF1AAE8 /* SimsTabBar.swift */; };
		67D56342BE8954A23D275F00 /* SimsTheme.swift in Sources */ = {isa = PBXBuildFile; fileRef = 5C4A5A982143D3B5A7FD2D41 /* SimsTheme.swift */; };
		714096688C4A7CF61C6DEA0C /* AboutView.swift in Sources */ = {isa = PBXBuildFile; fileRef = 4224F0E544F1A45EA415CF89 /* AboutView.swift */; };
		80EAB2B05373AB71363A857F /* OnboardingView.swift in Sources */ = {isa = PBXBuildFile; fileRef = DB05123DDA91452D04ECF598 /* OnboardingView.swift */; };
		8572489A8FB738D1DA91917E /* Accessibility.swift in Sources */ = {isa = PBXBuildFile; fileRef = 2A65C7D05674205E9F4C67BE /* Accessibility.swift */; };
		8BB5895C9C89A4C15A10DCEA /* DoseScheduleEditor.swift in Sources */ = {isa = PBXBuildFile; fileRef = 8C4345818E44B8424BFD0778 /* DoseScheduleEditor.swift */; };
		8C0C9937E403A788C536EDD0 /* AlertCardView.swift in Sources */ = {isa = PBXBuildFile; fileRef = 5CC155C25C61EB8794EFEA59 /* AlertCardView.swift */; };
		949101EABF2E4FBC5DAC1640 /* NotificationsDetailView.swift in Sources */ = {isa = PBXBuildFile; fileRef = 727963FD62BC53F40E985542 /* NotificationsDetailView.swift */; };
		AE444B53A708CB61858095F3 /* AspirationsView.swift in Sources */ = {isa = PBXBuildFile; fileRef = 94B910D402E23B4129BCEA86 /* AspirationsView.swift */; };
		BD7BC47F6FF372252AFD9F7F /* UDKeys.swift in Sources */ = {isa = PBXBuildFile; fileRef = 57DCED5A61E939CC137C6996 /* UDKeys.swift */; };
		BDDAD58B7DEEC6C7870D4463 /* NotificationManager.swift in Sources */ = {isa = PBXBuildFile; fileRef = B89EBC43D813E16A28F59F91 /* NotificationManager.swift */; };
		BF13F631DDBC4DB01BD82309 /* MockData.swift in Sources */ = {isa = PBXBuildFile; fileRef = 686074965E7A0D214C77731C /* MockData.swift */; };
		C08DD4DEDC99BD434C16853D /* TreatmentEditor.swift in Sources */ = {isa = PBXBuildFile; fileRef = 76D1C12DE2272D8389C2C95B /* TreatmentEditor.swift */; };
		C3EE1BDE7BE5AC46EBE4B29F /* CustomActionSheet.swift in Sources */ = {isa = PBXBuildFile; fileRef = B23304E01401252603966EA4 /* CustomActionSheet.swift */; };
		C78366FA7DD4D26CC5FA6DC1 /* Treatment.swift in Sources */ = {isa = PBXBuildFile; fileRef = 95A8CFD47EF453D32342EF08 /* Treatment.swift */; };
		C7AD23DE27EB38FCEFD5387C /* NeedAnchor.swift in Sources */ = {isa = PBXBuildFile; fileRef = 82B62635E4018B05F90E515C /* NeedAnchor.swift */; };
		C9B7D61A9F942BA49529562B /* PlumbobView.swift in Sources */ = {isa = PBXBuildFile; fileRef = BE0206ECCA122D5D143687FA /* PlumbobView.swift */; };
		CC86534924BE181C555415DE /* NeedStore.swift in Sources */ = {isa = PBXBuildFile; fileRef = B7418E1C3290F0270C9EF7E2 /* NeedStore.swift */; };
		D1EFC08D687C34BB6D9B28B8 /* CloudPrefsMirror.swift in Sources */ = {isa = PBXBuildFile; fileRef = 3D97F1CFA575B954764AF883 /* CloudPrefsMirror.swift */; };
		DBD3729B3F256F2FC5E01FF0 /* LifeTask.swift in Sources */ = {isa = PBXBuildFile; fileRef = AFF22A33BD093A1B056C7F20 /* LifeTask.swift */; };
		DF07AB16C4047E26360064E4 /* NeedType.swift in Sources */ = {isa = PBXBuildFile; fileRef = 7D96C730292A9BE8FC42050E /* NeedType.swift */; };
		E26BC7925DC82A389BA5D982 /* DashboardView.swift in Sources */ = {isa = PBXBuildFile; fileRef = D3CF46933BBA8EC924A16469 /* DashboardView.swift */; };
		ED427AEE763517E2DD3F6BFD /* SettingsView.swift in Sources */ = {isa = PBXBuildFile; fileRef = 19B7E317406B92C357536FFC /* SettingsView.swift */; };
		F55FACB9DC27CCA2615407AD /* NeedBarView.swift in Sources */ = {isa = PBXBuildFile; fileRef = 1BF3C1BF20FF7CA8C81315CB /* NeedBarView.swift */; };
		FF896F51D241A20358C02638 /* AspirationEditor.swift in Sources */ = {isa = PBXBuildFile; fileRef = A3A843AA5D51F3B1B1989335 /* AspirationEditor.swift */; };
/* End PBXBuildFile section */

/* Begin PBXFileReference section */
		0871D1480693A5894BC104A7 /* TreatmentsView.swift */ = {isa = PBXFileReference; lastKnownFileType = sourcecode.swift; path = TreatmentsView.swift; sourceTree = "<group>"; };
		0CE24258B922152B264B62ED /* ProfileEditor.swift */ = {isa = PBXFileReference; lastKnownFileType = sourcecode.swift; path = ProfileEditor.swift; sourceTree = "<group>"; };
		11043F6E3ADAFA1B0556ECD7 /* TaskEditor.swift */ = {isa = PBXFileReference; lastKnownFileType = sourcecode.swift; path = TaskEditor.swift; sourceTree = "<group>"; };
		138DC9B9C1F133F5234DEA6E /* HistoryView.swift */ = {isa = PBXFileReference; lastKnownFileType = sourcecode.swift; path = HistoryView.swift; sourceTree = "<group>"; };
		16355EE083C1440315B70AA2 /* QuickActionsSheet.swift */ = {isa = PBXFileReference; lastKnownFileType = sourcecode.swift; path = QuickActionsSheet.swift; sourceTree = "<group>"; };
		19B7E317406B92C357536FFC /* SettingsView.swift */ = {isa = PBXFileReference; lastKnownFileType = sourcecode.swift; path = SettingsView.swift; sourceTree = "<group>"; };
		1BF3C1BF20FF7CA8C81315CB /* NeedBarView.swift */ = {isa = PBXFileReference; lastKnownFileType = sourcecode.swift; path = NeedBarView.swift; sourceTree = "<group>"; };
		2A65C7D05674205E9F4C67BE /* Accessibility.swift */ = {isa = PBXFileReference; lastKnownFileType = sourcecode.swift; path = Accessibility.swift; sourceTree = "<group>"; };
		3D97F1CFA575B954764AF883 /* CloudPrefsMirror.swift */ = {isa = PBXFileReference; lastKnownFileType = sourcecode.swift; path = CloudPrefsMirror.swift; sourceTree = "<group>"; };
		3E54642B60C4FA78D7CEE4DA /* Localizable.xcstrings */ = {isa = PBXFileReference; lastKnownFileType = text.json.xcstrings; path = Localizable.xcstrings; sourceTree = "<group>"; };
		4224F0E544F1A45EA415CF89 /* AboutView.swift */ = {isa = PBXFileReference; lastKnownFileType = sourcecode.swift; path = AboutView.swift; sourceTree = "<group>"; };
		4563091E7EDE5B5728153629 /* Date+TimeAgo.swift */ = {isa = PBXFileReference; lastKnownFileType = sourcecode.swift; path = "Date+TimeAgo.swift"; sourceTree = "<group>"; };
		4B7ADED8B3E503A40AAA5725 /* Info.plist */ = {isa = PBXFileReference; lastKnownFileType = text.plist; path = Info.plist; sourceTree = "<group>"; };
		57DCED5A61E939CC137C6996 /* UDKeys.swift */ = {isa = PBXFileReference; lastKnownFileType = sourcecode.swift; path = UDKeys.swift; sourceTree = "<group>"; };
		57E5DF92CEB888F67912BDFA /* CalibrationEngine.swift */ = {isa = PBXFileReference; lastKnownFileType = sourcecode.swift; path = CalibrationEngine.swift; sourceTree = "<group>"; };
		5C4A5A982143D3B5A7FD2D41 /* SimsTheme.swift */ = {isa = PBXFileReference; lastKnownFileType = sourcecode.swift; path = SimsTheme.swift; sourceTree = "<group>"; };
		5CC155C25C61EB8794EFEA59 /* AlertCardView.swift */ = {isa = PBXFileReference; lastKnownFileType = sourcecode.swift; path = AlertCardView.swift; sourceTree = "<group>"; };
		686074965E7A0D214C77731C /* MockData.swift */ = {isa = PBXFileReference; lastKnownFileType = sourcecode.swift; path = MockData.swift; sourceTree = "<group>"; };
		696130E65ABAB3AE13CFEAC3 /* CategoriesEditor.swift */ = {isa = PBXFileReference; lastKnownFileType = sourcecode.swift; path = CategoriesEditor.swift; sourceTree = "<group>"; };
		727963FD62BC53F40E985542 /* NotificationsDetailView.swift */ = {isa = PBXFileReference; lastKnownFileType = sourcecode.swift; path = NotificationsDetailView.swift; sourceTree = "<group>"; };
		76D1C12DE2272D8389C2C95B /* TreatmentEditor.swift */ = {isa = PBXFileReference; lastKnownFileType = sourcecode.swift; path = TreatmentEditor.swift; sourceTree = "<group>"; };
		7D96C730292A9BE8FC42050E /* NeedType.swift */ = {isa = PBXFileReference; lastKnownFileType = sourcecode.swift; path = NeedType.swift; sourceTree = "<group>"; };
		82B62635E4018B05F90E515C /* NeedAnchor.swift */ = {isa = PBXFileReference; lastKnownFileType = sourcecode.swift; path = NeedAnchor.swift; sourceTree = "<group>"; };
		8BCD270AEA7272BF4535857B /* Aspiration.swift */ = {isa = PBXFileReference; lastKnownFileType = sourcecode.swift; path = Aspiration.swift; sourceTree = "<group>"; };
		8C4345818E44B8424BFD0778 /* DoseScheduleEditor.swift */ = {isa = PBXFileReference; lastKnownFileType = sourcecode.swift; path = DoseScheduleEditor.swift; sourceTree = "<group>"; };
		94B910D402E23B4129BCEA86 /* AspirationsView.swift */ = {isa = PBXFileReference; lastKnownFileType = sourcecode.swift; path = AspirationsView.swift; sourceTree = "<group>"; };
		95A8CFD47EF453D32342EF08 /* Treatment.swift */ = {isa = PBXFileReference; lastKnownFileType = sourcecode.swift; path = Treatment.swift; sourceTree = "<group>"; };
		9B65542E7FDCDD445172D75D /* MySimsLifeApp.swift */ = {isa = PBXFileReference; lastKnownFileType = sourcecode.swift; path = MySimsLifeApp.swift; sourceTree = "<group>"; };
		A3A843AA5D51F3B1B1989335 /* AspirationEditor.swift */ = {isa = PBXFileReference; lastKnownFileType = sourcecode.swift; path = AspirationEditor.swift; sourceTree = "<group>"; };
		AFF22A33BD093A1B056C7F20 /* LifeTask.swift */ = {isa = PBXFileReference; lastKnownFileType = sourcecode.swift; path = LifeTask.swift; sourceTree = "<group>"; };
		B23304E01401252603966EA4 /* CustomActionSheet.swift */ = {isa = PBXFileReference; lastKnownFileType = sourcecode.swift; path = CustomActionSheet.swift; sourceTree = "<group>"; };
		B36217A6E8D215AC785077A5 /* MySimsLife.entitlements */ = {isa = PBXFileReference; lastKnownFileType = text.plist.entitlements; path = MySimsLife.entitlements; sourceTree = "<group>"; };
		B7418E1C3290F0270C9EF7E2 /* NeedStore.swift */ = {isa = PBXFileReference; lastKnownFileType = sourcecode.swift; path = NeedStore.swift; sourceTree = "<group>"; };
		B89EBC43D813E16A28F59F91 /* NotificationManager.swift */ = {isa = PBXFileReference; lastKnownFileType = sourcecode.swift; path = NotificationManager.swift; sourceTree = "<group>"; };
		BE0206ECCA122D5D143687FA /* PlumbobView.swift */ = {isa = PBXFileReference; lastKnownFileType = sourcecode.swift; path = PlumbobView.swift; sourceTree = "<group>"; };
		C9A1445059387B20FA3F1C97 /* Assets.xcassets */ = {isa = PBXFileReference; lastKnownFileType = folder.assetcatalog; path = Assets.xcassets; sourceTree = "<group>"; };
		CC63F42E68BF4CF120400961 /* ActivityLog.swift */ = {isa = PBXFileReference; lastKnownFileType = sourcecode.swift; path = ActivityLog.swift; sourceTree = "<group>"; };
		D07D2261F6E77057EF236865 /* MySimsLife.app */ = {isa = PBXFileReference; includeInIndex = 0; lastKnownFileType = wrapper.application; path = MySimsLife.app; sourceTree = BUILT_PRODUCTS_DIR; };
		D3CF46933BBA8EC924A16469 /* DashboardView.swift */ = {isa = PBXFileReference; lastKnownFileType = sourcecode.swift; path = DashboardView.swift; sourceTree = "<group>"; };
		DB05123DDA91452D04ECF598 /* OnboardingView.swift */ = {isa = PBXFileReference; lastKnownFileType = sourcecode.swift; path = OnboardingView.swift; sourceTree = "<group>"; };
		EC9110DB76EDC23748047200 /* TasksView.swift */ = {isa = PBXFileReference; lastKnownFileType = sourcecode.swift; path = TasksView.swift; sourceTree = "<group>"; };
		EF2C15A6F5633EC3A8AFDAD6 /* ContentView.swift */ = {isa = PBXFileReference; lastKnownFileType = sourcecode.swift; path = ContentView.swift; sourceTree = "<group>"; };
		F0358219C4262B59DDF1AAE8 /* SimsTabBar.swift */ = {isa = PBXFileReference; lastKnownFileType = sourcecode.swift; path = SimsTabBar.swift; sourceTree = "<group>"; };
/* End PBXFileReference section */

/* Begin PBXGroup section */
		2F919F9F513EBD67BDF7C982 /* Dashboard */ = {
			isa = PBXGroup;
			children = (
				5CC155C25C61EB8794EFEA59 /* AlertCardView.swift */,
				A3A843AA5D51F3B1B1989335 /* AspirationEditor.swift */,
				94B910D402E23B4129BCEA86 /* AspirationsView.swift */,
				B23304E01401252603966EA4 /* CustomActionSheet.swift */,
				D3CF46933BBA8EC924A16469 /* DashboardView.swift */,
				8C4345818E44B8424BFD0778 /* DoseScheduleEditor.swift */,
				1BF3C1BF20FF7CA8C81315CB /* NeedBarView.swift */,
				BE0206ECCA122D5D143687FA /* PlumbobView.swift */,
				16355EE083C1440315B70AA2 /* QuickActionsSheet.swift */,
				F0358219C4262B59DDF1AAE8 /* SimsTabBar.swift */,
				11043F6E3ADAFA1B0556ECD7 /* TaskEditor.swift */,
				EC9110DB76EDC23748047200 /* TasksView.swift */,
				76D1C12DE2272D8389C2C95B /* TreatmentEditor.swift */,
				0871D1480693A5894BC104A7 /* TreatmentsView.swift */,
			);
			path = Dashboard;
			sourceTree = "<group>";
		};
		37294A03111412CC558DA16A /* Products */ = {
			isa = PBXGroup;
			children = (
				D07D2261F6E77057EF236865 /* MySimsLife.app */,
			);
			name = Products;
			sourceTree = "<group>";
		};
		860B1F04B569895CE1A0C172 /* MySimsLife */ = {
			isa = PBXGroup;
			children = (
				C9A1445059387B20FA3F1C97 /* Assets.xcassets */,
				4B7ADED8B3E503A40AAA5725 /* Info.plist */,
				3E54642B60C4FA78D7CEE4DA /* Localizable.xcstrings */,
				B36217A6E8D215AC785077A5 /* MySimsLife.entitlements */,
				D25F0B0FBBA6216B5E2A7C1B /* App */,
				8B8950864803BD5681407477 /* Models */,
				CF4A6D7E68704DB4F1B2EEA8 /* Store */,
				D94CDEB6721A72ED9B62A2D2 /* Theme */,
				B0FB5E5823E505365B2AB1CF /* Views */,
			);
			path = MySimsLife;
			sourceTree = "<group>";
		};
		8B8950864803BD5681407477 /* Models */ = {
			isa = PBXGroup;
			children = (
				CC63F42E68BF4CF120400961 /* ActivityLog.swift */,
				8BCD270AEA7272BF4535857B /* Aspiration.swift */,
				AFF22A33BD093A1B056C7F20 /* LifeTask.swift */,
				82B62635E4018B05F90E515C /* NeedAnchor.swift */,
				7D96C730292A9BE8FC42050E /* NeedType.swift */,
				95A8CFD47EF453D32342EF08 /* Treatment.swift */,
			);
			path = Models;
			sourceTree = "<group>";
		};
		AA3C9F9D08EBD0C3ED874D6C = {
			isa = PBXGroup;
			children = (
				860B1F04B569895CE1A0C172 /* MySimsLife */,
				37294A03111412CC558DA16A /* Products */,
			);
			sourceTree = "<group>";
		};
		B0FB5E5823E505365B2AB1CF /* Views */ = {
			isa = PBXGroup;
			children = (
				EF2C15A6F5633EC3A8AFDAD6 /* ContentView.swift */,
				2F919F9F513EBD67BDF7C982 /* Dashboard */,
				E91AB16E6E22AE0C6D9D4EA1 /* History */,
				C4850408F321734EE2C717E5 /* Onboarding */,
				F4B7740BE66EBB07DE312CD5 /* Settings */,
			);
			path = Views;
			sourceTree = "<group>";
		};
		C4850408F321734EE2C717E5 /* Onboarding */ = {
			isa = PBXGroup;
			children = (
				DB05123DDA91452D04ECF598 /* OnboardingView.swift */,
			);
			path = Onboarding;
			sourceTree = "<group>";
		};
		CF4A6D7E68704DB4F1B2EEA8 /* Store */ = {
			isa = PBXGroup;
			children = (
				57E5DF92CEB888F67912BDFA /* CalibrationEngine.swift */,
				3D97F1CFA575B954764AF883 /* CloudPrefsMirror.swift */,
				686074965E7A0D214C77731C /* MockData.swift */,
				B7418E1C3290F0270C9EF7E2 /* NeedStore.swift */,
				B89EBC43D813E16A28F59F91 /* NotificationManager.swift */,
				57DCED5A61E939CC137C6996 /* UDKeys.swift */,
			);
			path = Store;
			sourceTree = "<group>";
		};
		D25F0B0FBBA6216B5E2A7C1B /* App */ = {
			isa = PBXGroup;
			children = (
				9B65542E7FDCDD445172D75D /* MySimsLifeApp.swift */,
			);
			path = App;
			sourceTree = "<group>";
		};
		D94CDEB6721A72ED9B62A2D2 /* Theme */ = {
			isa = PBXGroup;
			children = (
				2A65C7D05674205E9F4C67BE /* Accessibility.swift */,
				4563091E7EDE5B5728153629 /* Date+TimeAgo.swift */,
				5C4A5A982143D3B5A7FD2D41 /* SimsTheme.swift */,
			);
			path = Theme;
			sourceTree = "<group>";
		};
		E91AB16E6E22AE0C6D9D4EA1 /* History */ = {
			isa = PBXGroup;
			children = (
				138DC9B9C1F133F5234DEA6E /* HistoryView.swift */,
			);
			path = History;
			sourceTree = "<group>";
		};
		F4B7740BE66EBB07DE312CD5 /* Settings */ = {
			isa = PBXGroup;
			children = (
				4224F0E544F1A45EA415CF89 /* AboutView.swift */,
				696130E65ABAB3AE13CFEAC3 /* CategoriesEditor.swift */,
				727963FD62BC53F40E985542 /* NotificationsDetailView.swift */,
				0CE24258B922152B264B62ED /* ProfileEditor.swift */,
				19B7E317406B92C357536FFC /* SettingsView.swift */,
			);
			path = Settings;
			sourceTree = "<group>";
		};
/* End PBXGroup section */

/* Begin PBXNativeTarget section */
		16CCC711D7C9D0AC37FD9D64 /* MySimsLife */ = {
			isa = PBXNativeTarget;
			buildConfigurationList = 852320921A8F1338F3526B08 /* Build configuration list for PBXNativeTarget "MySimsLife" */;
			buildPhases = (
				250663FE1E981362C7F1D0F3 /* Sources */,
				7DAB49417F4C3F86FAD84A96 /* Resources */,
			);
			buildRules = (
			);
			dependencies = (
			);
			name = MySimsLife;
			packageProductDependencies = (
			);
			productName = MySimsLife;
			productReference = D07D2261F6E77057EF236865 /* MySimsLife.app */;
			productType = "com.apple.product-type.application";
		};
/* End PBXNativeTarget section */

/* Begin PBXProject section */
		4F9F5FC4E0EF619C522BB040 /* Project object */ = {
			isa = PBXProject;
			attributes = {
				BuildIndependentTargetsInParallel = YES;
				LastUpgradeCheck = 1600;
				TargetAttributes = {
					16CCC711D7C9D0AC37FD9D64 = {
						DevelopmentTeam = T6Q58Y6KX7;
						ProvisioningStyle = Automatic;
					};
				};
			};
			buildConfigurationList = EE4C8A8DCF6ABC1F014FE885 /* Build configuration list for PBXProject "MySimsLife" */;
			developmentRegion = es;
			hasScannedForEncodings = 0;
			knownRegions = (
				Base,
				en,
				es,
			);
			mainGroup = AA3C9F9D08EBD0C3ED874D6C;
			minimizedProjectReferenceProxies = 1;
			preferredProjectObjectVersion = 77;
			productRefGroup = 37294A03111412CC558DA16A /* Products */;
			projectDirPath = "";
			projectRoot = "";
			targets = (
				16CCC711D7C9D0AC37FD9D64 /* MySimsLife */,
			);
		};
/* End PBXProject section */

/* Begin PBXResourcesBuildPhase section */
		7DAB49417F4C3F86FAD84A96 /* Resources */ = {
			isa = PBXResourcesBuildPhase;
			buildActionMask = 2147483647;
			files = (
				2A38A864B8FC38CF0CBFFEA0 /* Assets.xcassets in Resources */,
				0C80EAAC8C0650FF9027AE97 /* Localizable.xcstrings in Resources */,
			);
			runOnlyForDeploymentPostprocessing = 0;
		};
/* End PBXResourcesBuildPhase section */

/* Begin PBXSourcesBuildPhase section */
		250663FE1E981362C7F1D0F3 /* Sources */ = {
			isa = PBXSourcesBuildPhase;
			buildActionMask = 2147483647;
			files = (
				714096688C4A7CF61C6DEA0C /* AboutView.swift in Sources */,
				8572489A8FB738D1DA91917E /* Accessibility.swift in Sources */,
				164F3D95ACE2E4B04E2BF1FC /* ActivityLog.swift in Sources */,
				8C0C9937E403A788C536EDD0 /* AlertCardView.swift in Sources */,
				36BAEC2B6F13898E5467DE08 /* Aspiration.swift in Sources */,
				FF896F51D241A20358C02638 /* AspirationEditor.swift in Sources */,
				AE444B53A708CB61858095F3 /* AspirationsView.swift in Sources */,
				2CE6A0B33A9F35DAE12CBCB0 /* CalibrationEngine.swift in Sources */,
				158AC2A56421EA6F810EF65C /* CategoriesEditor.swift in Sources */,
				D1EFC08D687C34BB6D9B28B8 /* CloudPrefsMirror.swift in Sources */,
				44E2EDE4BEC362EC22D81DE0 /* ContentView.swift in Sources */,
				C3EE1BDE7BE5AC46EBE4B29F /* CustomActionSheet.swift in Sources */,
				E26BC7925DC82A389BA5D982 /* DashboardView.swift in Sources */,
				4967C613B9D264590B808AE1 /* Date+TimeAgo.swift in Sources */,
				8BB5895C9C89A4C15A10DCEA /* DoseScheduleEditor.swift in Sources */,
				47EA5490E43745F4D5623412 /* HistoryView.swift in Sources */,
				DBD3729B3F256F2FC5E01FF0 /* LifeTask.swift in Sources */,
				BF13F631DDBC4DB01BD82309 /* MockData.swift in Sources */,
				3AF8217AA126411442012216 /* MySimsLifeApp.swift in Sources */,
				C7AD23DE27EB38FCEFD5387C /* NeedAnchor.swift in Sources */,
				F55FACB9DC27CCA2615407AD /* NeedBarView.swift in Sources */,
				CC86534924BE181C555415DE /* NeedStore.swift in Sources */,
				DF07AB16C4047E26360064E4 /* NeedType.swift in Sources */,
				BDDAD58B7DEEC6C7870D4463 /* NotificationManager.swift in Sources */,
				949101EABF2E4FBC5DAC1640 /* NotificationsDetailView.swift in Sources */,
				80EAB2B05373AB71363A857F /* OnboardingView.swift in Sources */,
				C9B7D61A9F942BA49529562B /* PlumbobView.swift in Sources */,
				555D0CECC4CB5DC23B95A51E /* ProfileEditor.swift in Sources */,
				2072C7A7343072FCBC12A716 /* QuickActionsSheet.swift in Sources */,
				ED427AEE763517E2DD3F6BFD /* SettingsView.swift in Sources */,
				5D17DB49EBE8F3442244032F /* SimsTabBar.swift in Sources */,
				67D56342BE8954A23D275F00 /* SimsTheme.swift in Sources */,
				0A3CACE567E105002E4D8555 /* TaskEditor.swift in Sources */,
				247F296E0D62040182133FA2 /* TasksView.swift in Sources */,
				C78366FA7DD4D26CC5FA6DC1 /* Treatment.swift in Sources */,
				C08DD4DEDC99BD434C16853D /* TreatmentEditor.swift in Sources */,
				43B4598D585D422845D53F9B /* TreatmentsView.swift in Sources */,
				BD7BC47F6FF372252AFD9F7F /* UDKeys.swift in Sources */,
			);
			runOnlyForDeploymentPostprocessing = 0;
		};
/* End PBXSourcesBuildPhase section */

/* Begin XCBuildConfiguration section */
		0DB6B24057076957EDEB1AFE /* Release */ = {
			isa = XCBuildConfiguration;
			buildSettings = {
				ALWAYS_SEARCH_USER_PATHS = NO;
				CLANG_ANALYZER_NONNULL = YES;
				CLANG_ANALYZER_NUMBER_OBJECT_CONVERSION = YES_AGGRESSIVE;
				CLANG_CXX_LANGUAGE_STANDARD = "gnu++14";
				CLANG_CXX_LIBRARY = "libc++";
				CLANG_ENABLE_MODULES = YES;
				CLANG_ENABLE_OBJC_ARC = YES;
				CLANG_ENABLE_OBJC_WEAK = YES;
				CLANG_WARN_BLOCK_CAPTURE_AUTORELEASING = YES;
				CLANG_WARN_BOOL_CONVERSION = YES;
				CLANG_WARN_COMMA = YES;
				CLANG_WARN_CONSTANT_CONVERSION = YES;
				CLANG_WARN_DEPRECATED_OBJC_IMPLEMENTATIONS = YES;
				CLANG_WARN_DIRECT_OBJC_ISA_USAGE = YES_ERROR;
				CLANG_WARN_DOCUMENTATION_COMMENTS = YES;
				CLANG_WARN_EMPTY_BODY = YES;
				CLANG_WARN_ENUM_CONVERSION = YES;
				CLANG_WARN_INFINITE_RECURSION = YES;
				CLANG_WARN_INT_CONVERSION = YES;
				CLANG_WARN_NON_LITERAL_NULL_CONVERSION = YES;
				CLANG_WARN_OBJC_IMPLICIT_RETAIN_SELF = YES;
				CLANG_WARN_OBJC_LITERAL_CONVERSION = YES;
				CLANG_WARN_OBJC_ROOT_CLASS = YES_ERROR;
				CLANG_WARN_QUOTED_INCLUDE_IN_FRAMEWORK_HEADER = YES;
				CLANG_WARN_RANGE_LOOP_ANALYSIS = YES;
				CLANG_WARN_STRICT_PROTOTYPES = YES;
				CLANG_WARN_SUSPICIOUS_MOVE = YES;
				CLANG_WARN_UNGUARDED_AVAILABILITY = YES_AGGRESSIVE;
				CLANG_WARN_UNREACHABLE_CODE = YES;
				CLANG_WARN__DUPLICATE_METHOD_MATCH = YES;
				CODE_SIGN_STYLE = Automatic;
				COPY_PHASE_STRIP = NO;
				DEBUG_INFORMATION_FORMAT = "dwarf-with-dsym";
				DEVELOPMENT_TEAM = T6Q58Y6KX7;
				ENABLE_NS_ASSERTIONS = NO;
				ENABLE_STRICT_OBJC_MSGSEND = YES;
				GCC_C_LANGUAGE_STANDARD = gnu11;
				GCC_NO_COMMON_BLOCKS = YES;
				GCC_WARN_64_TO_32_BIT_CONVERSION = YES;
				GCC_WARN_ABOUT_RETURN_TYPE = YES_ERROR;
				GCC_WARN_UNDECLARED_SELECTOR = YES;
				GCC_WARN_UNINITIALIZED_AUTOS = YES_AGGRESSIVE;
				GCC_WARN_UNUSED_FUNCTION = YES;
				GCC_WARN_UNUSED_VARIABLE = YES;
				IPHONEOS_DEPLOYMENT_TARGET = 17.0;
				MACOSX_DEPLOYMENT_TARGET = 14.0;
				MTL_ENABLE_DEBUG_INFO = NO;
				MTL_FAST_MATH = YES;
				PRODUCT_NAME = "$(TARGET_NAME)";
				SDKROOT = auto;
				SWIFT_COMPILATION_MODE = wholemodule;
				SWIFT_OPTIMIZATION_LEVEL = "-O";
				SWIFT_VERSION = 5.9;
			};
			name = Release;
		};
		8260B6D178B1D4C82D989AB9 /* Release */ = {
			isa = XCBuildConfiguration;
			buildSettings = {
				ASSETCATALOG_COMPILER_APPICON_NAME = AppIcon;
				ASSETCATALOG_COMPILER_GLOBAL_ACCENT_COLOR_NAME = AccentColor;
				CODE_SIGN_ENTITLEMENTS = MySimsLife/MySimsLife.entitlements;
				CODE_SIGN_IDENTITY = "iPhone Developer";
				CURRENT_PROJECT_VERSION = 10;
				INFOPLIST_FILE = MySimsLife/Info.plist;
				LD_RUNPATH_SEARCH_PATHS = (
					"$(inherited)",
					"@executable_path/Frameworks",
				);
				MARKETING_VERSION = 1.0.0;
				PRODUCT_BUNDLE_IDENTIFIER = com.mysims.life;
				SDKROOT = auto;
				SUPPORTED_PLATFORMS = "iphoneos iphonesimulator macosx";
				SUPPORTS_MACCATALYST = NO;
				SUPPORTS_MAC_DESIGNED_FOR_IPHONE_IPAD = NO;
				SUPPORTS_XR_DESIGNED_FOR_IPHONE_IPAD = YES;
				SWIFT_OPTIMIZATION_LEVEL = "-O";
				TARGETED_DEVICE_FAMILY = "1,2";
			};
			name = Release;
		};
		93C4F67F99A3ECC2EF6B28DB /* Debug */ = {
			isa = XCBuildConfiguration;
			buildSettings = {
				ASSETCATALOG_COMPILER_APPICON_NAME = AppIcon;
				ASSETCATALOG_COMPILER_GLOBAL_ACCENT_COLOR_NAME = AccentColor;
				CODE_SIGN_ENTITLEMENTS = MySimsLife/MySimsLife.entitlements;
				CODE_SIGN_IDENTITY = "iPhone Developer";
				CURRENT_PROJECT_VERSION = 10;
				INFOPLIST_FILE = MySimsLife/Info.plist;
				LD_RUNPATH_SEARCH_PATHS = (
					"$(inherited)",
					"@executable_path/Frameworks",
				);
				MARKETING_VERSION = 1.0.0;
				PRODUCT_BUNDLE_IDENTIFIER = com.mysims.life;
				SDKROOT = auto;
				SUPPORTED_PLATFORMS = "iphoneos iphonesimulator macosx";
				SUPPORTS_MACCATALYST = NO;
				SUPPORTS_MAC_DESIGNED_FOR_IPHONE_IPAD = NO;
				SUPPORTS_XR_DESIGNED_FOR_IPHONE_IPAD = YES;
				SWIFT_ACTIVE_COMPILATION_CONDITIONS = DEBUG;
				TARGETED_DEVICE_FAMILY = "1,2";
			};
			name = Debug;
		};
		DD60C5C2739365E0CBC1E9C9 /* Debug */ = {
			isa = XCBuildConfiguration;
			buildSettings = {
				ALWAYS_SEARCH_USER_PATHS = NO;
				CLANG_ANALYZER_NONNULL = YES;
				CLANG_ANALYZER_NUMBER_OBJECT_CONVERSION = YES_AGGRESSIVE;
				CLANG_CXX_LANGUAGE_STANDARD = "gnu++14";
				CLANG_CXX_LIBRARY = "libc++";
				CLANG_ENABLE_MODULES = YES;
				CLANG_ENABLE_OBJC_ARC = YES;
				CLANG_ENABLE_OBJC_WEAK = YES;
				CLANG_WARN_BLOCK_CAPTURE_AUTORELEASING = YES;
				CLANG_WARN_BOOL_CONVERSION = YES;
				CLANG_WARN_COMMA = YES;
				CLANG_WARN_CONSTANT_CONVERSION = YES;
				CLANG_WARN_DEPRECATED_OBJC_IMPLEMENTATIONS = YES;
				CLANG_WARN_DIRECT_OBJC_ISA_USAGE = YES_ERROR;
				CLANG_WARN_DOCUMENTATION_COMMENTS = YES;
				CLANG_WARN_EMPTY_BODY = YES;
				CLANG_WARN_ENUM_CONVERSION = YES;
				CLANG_WARN_INFINITE_RECURSION = YES;
				CLANG_WARN_INT_CONVERSION = YES;
				CLANG_WARN_NON_LITERAL_NULL_CONVERSION = YES;
				CLANG_WARN_OBJC_IMPLICIT_RETAIN_SELF = YES;
				CLANG_WARN_OBJC_LITERAL_CONVERSION = YES;
				CLANG_WARN_OBJC_ROOT_CLASS = YES_ERROR;
				CLANG_WARN_QUOTED_INCLUDE_IN_FRAMEWORK_HEADER = YES;
				CLANG_WARN_RANGE_LOOP_ANALYSIS = YES;
				CLANG_WARN_STRICT_PROTOTYPES = YES;
				CLANG_WARN_SUSPICIOUS_MOVE = YES;
				CLANG_WARN_UNGUARDED_AVAILABILITY = YES_AGGRESSIVE;
				CLANG_WARN_UNREACHABLE_CODE = YES;
				CLANG_WARN__DUPLICATE_METHOD_MATCH = YES;
				CODE_SIGN_STYLE = Automatic;
				COPY_PHASE_STRIP = NO;
				DEBUG_INFORMATION_FORMAT = dwarf;
				DEVELOPMENT_TEAM = T6Q58Y6KX7;
				ENABLE_STRICT_OBJC_MSGSEND = YES;
				ENABLE_TESTABILITY = YES;
				GCC_C_LANGUAGE_STANDARD = gnu11;
				GCC_DYNAMIC_NO_PIC = NO;
				GCC_NO_COMMON_BLOCKS = YES;
				GCC_OPTIMIZATION_LEVEL = 0;
				GCC_PREPROCESSOR_DEFINITIONS = (
					"$(inherited)",
					"DEBUG=1",
				);
				GCC_WARN_64_TO_32_BIT_CONVERSION = YES;
				GCC_WARN_ABOUT_RETURN_TYPE = YES_ERROR;
				GCC_WARN_UNDECLARED_SELECTOR = YES;
				GCC_WARN_UNINITIALIZED_AUTOS = YES_AGGRESSIVE;
				GCC_WARN_UNUSED_FUNCTION = YES;
				GCC_WARN_UNUSED_VARIABLE = YES;
				IPHONEOS_DEPLOYMENT_TARGET = 17.0;
				MACOSX_DEPLOYMENT_TARGET = 14.0;
				MTL_ENABLE_DEBUG_INFO = INCLUDE_SOURCE;
				MTL_FAST_MATH = YES;
				ONLY_ACTIVE_ARCH = YES;
				PRODUCT_NAME = "$(TARGET_NAME)";
				SDKROOT = auto;
				SWIFT_ACTIVE_COMPILATION_CONDITIONS = DEBUG;
				SWIFT_OPTIMIZATION_LEVEL = "-Onone";
				SWIFT_VERSION = 5.9;
			};
			name = Debug;
		};
/* End XCBuildConfiguration section */

/* Begin XCConfigurationList section */
		852320921A8F1338F3526B08 /* Build configuration list for PBXNativeTarget "MySimsLife" */ = {
			isa = XCConfigurationList;
			buildConfigurations = (
				93C4F67F99A3ECC2EF6B28DB /* Debug */,
				8260B6D178B1D4C82D989AB9 /* Release */,
			);
			defaultConfigurationIsVisible = 0;
			defaultConfigurationName = Debug;
		};
		EE4C8A8DCF6ABC1F014FE885 /* Build configuration list for PBXProject "MySimsLife" */ = {
			isa = XCConfigurationList;
			buildConfigurations = (
				DD60C5C2739365E0CBC1E9C9 /* Debug */,
				0DB6B24057076957EDEB1AFE /* Release */,
			);
			defaultConfigurationIsVisible = 0;
			defaultConfigurationName = Debug;
		};
/* End XCConfigurationList section */
	};
	rootObject = 4F9F5FC4E0EF619C522BB040 /* Project object */;
}
